{
  "version": 4,
  "terraform_version": "1.7.4",
  "serial": 98,
  "lineage": "c9768885-09ff-2622-b50c-92fd62b7bbff",
  "outputs": {},
  "resources": [
    {
      "module": "module.module_1",
      "mode": "managed",
      "type": "local_file",
      "name": "files_from_map_keys",
      "provider": "provider[\"registry.terraform.io/hashicorp/local\"]",
      "instances": [
        {
          "index_key": "example_1",
          "schema_version": 0,
          "attributes": {
            "content": "example_1",
            "content_base64": null,
            "content_base64sha256": "XDP9hIDt2j4GftWYaIszrhWFsbBLmRQOmw+seFGbjbM=",
            "content_base64sha512": "tFisuUj5HbVaX3Gi+jcOnQiEsI32JDGRU8eyR5xwXrP7ov0+LCiSzx0uPHpo0WNQU6v51LfRbJpsYCjrvf5AeA==",
            "content_md5": "f6e11dccb3340f1f77c4845d95b119e1",
            "content_sha1": "d2e70b32e719969d09a5ad387e3c06c7c31dc7a3",
            "content_sha256": "5c33fd8480edda3e067ed598688b33ae1585b1b04b99140e9b0fac78519b8db3",
            "content_sha512": "b458acb948f91db55a5f71a2fa370e9d0884b08df624319153c7b2479c705eb3fba2fd3e2c2892cf1d2e3c7a68d1635053abf9d4b7d16c9a6c6028ebbdfe4078",
            "directory_permission": "0777",
            "file_permission": "0777",
            "filename": "/Users/vixing/Work/Study/terraform/learning/output/example_1",
            "id": "d2e70b32e719969d09a5ad387e3c06c7c31dc7a3",
            "sensitive_content": null,
            "source": null
          },
          "sensitive_attributes": []
        },
        {
          "index_key": "example_2",
          "schema_version": 0,
          "attributes": {
            "content": "example_2",
            "content_base64": null,
            "content_base64sha256": "+un14Frnz8vdx0nB5l42QSFn0H86SppK2gAKpWVNZT0=",
            "content_base64sha512": "SPtxVixF4bUAlqilr3sjtkk+Qyd/6fDDf1oFt1Qhi2taukVDjGNldr8ojReji29CVnp8s0j4Dyvi+WhfpvDt/g==",
            "content_md5": "a291760a672b1693b9f45b52474f28e7",
            "content_sha1": "97424dd32affd58c507c6a04bc9d6a8f14ceaaec",
            "content_sha256": "fae9f5e05ae7cfcbddc749c1e65e36412167d07f3a4a9a4ada000aa5654d653d",
            "content_sha512": "48fb71562c45e1b50096a8a5af7b23b6493e43277fe9f0c37f5a05b754218b6b5aba45438c636576bf288d17a38b6f42567a7cb348f80f2be2f9685fa6f0edfe",
            "directory_permission": "0777",
            "file_permission": "0777",
            "filename": "/Users/vixing/Work/Study/terraform/learning/output/example_2",
            "id": "97424dd32affd58c507c6a04bc9d6a8f14ceaaec",
            "sensitive_content": null,
            "source": null
          },
          "sensitive_attributes": []
        }
      ]
    },
    {
      "module": "module.module_1",
      "mode": "managed",
      "type": "local_file",
      "name": "files_from_map_values",
      "provider": "provider[\"registry.terraform.io/hashicorp/local\"]",
      "instances": [
        {
          "index_key": "example_1",
          "schema_version": 0,
          "attributes": {
            "content": "Content for the name in example_1",
            "content_base64": null,
            "content_base64sha256": "6jai10R4wV7PKju7TBkmCvDaqDASoO/g7/ZOF5XiQE8=",
            "content_base64sha512": "luVBsAJfMME73fhmPOdSt5rJJ034pRU1x4UnQvT4UYsgp3yinHuDqcEM2Cr0ueGJf+0zhBVrcTa51q9ot1PvZA==",
            "content_md5": "8e29848bf42b1ea4a811f3ea4920cbb6",
            "content_sha1": "73ee522d05f12ba14095f1d5888f5d01f2244be5",
            "content_sha256": "ea36a2d74478c15ecf2a3bbb4c19260af0daa83012a0efe0eff64e1795e2404f",
            "content_sha512": "96e541b0025f30c13bddf8663ce752b79ac9274df8a51535c7852742f4f8518b20a77ca29c7b83a9c10cd82af4b9e1897fed3384156b7136b9d6af68b753ef64",
            "directory_permission": "0777",
            "file_permission": "0777",
            "filename": "/Users/vixing/Work/Study/terraform/learning/output/example_1_name",
            "id": "73ee522d05f12ba14095f1d5888f5d01f2244be5",
            "sensitive_content": null,
            "source": null
          },
          "sensitive_attributes": []
        },
        {
          "index_key": "example_2",
          "schema_version": 0,
          "attributes": {
            "content": "Content for the name in example_2",
            "content_base64": null,
            "content_base64sha256": "bSyBsEmfb6ayh5DrlJ2NliKHSrZwpIBxw48Ta/18bKU=",
            "content_base64sha512": "tarBGFdCNhKhpakMsSkM0ZmbJ7zjEG7ibMCLboWL8UZF33OXw8efGF3WKqWCfE0VZ10YJo8jCCP0lZM87lWbZg==",
            "content_md5": "c3a36db82f6ace9680b781cf9f4dc436",
            "content_sha1": "7d752f22a9344bd7d93378d13ac4d3f304d04f19",
            "content_sha256": "6d2c81b0499f6fa6b28790eb949d8d9622874ab670a48071c38f136bfd7c6ca5",
            "content_sha512": "b5aac11857423612a1a5a90cb1290cd1999b27bce3106ee26cc08b6e858bf14645df7397c3c79f185dd62aa5827c4d15675d18268f230823f495933cee559b66",
            "directory_permission": "0777",
            "file_permission": "0777",
            "filename": "/Users/vixing/Work/Study/terraform/learning/output/example_2_name",
            "id": "7d752f22a9344bd7d93378d13ac4d3f304d04f19",
            "sensitive_content": null,
            "source": null
          },
          "sensitive_attributes": []
        }
      ]
    },
    {
      "module": "module.module_1",
      "mode": "managed",
      "type": "local_file",
      "name": "from_set",
      "provider": "provider[\"registry.terraform.io/hashicorp/local\"]",
      "instances": [
        {
          "index_key": "set_string_1",
          "schema_version": 0,
          "attributes": {
            "content": "set_string_1",
            "content_base64": null,
            "content_base64sha256": "nmvNTW376/7WI708Y6fgVa7ipenL95Od+rTL4xTE/uY=",
            "content_base64sha512": "JIQHMsfxw9CqcdCTNgyGtV0k9eHITbH2k3Nq9By0eEZvcPMExPCi3YY0vTVAOgPnfEzQwF4Fxe0wOKhCSoEUdQ==",
            "content_md5": "5ff0d27d618d10ea24285e43045660ad",
            "content_sha1": "3e3105ed243a8b1f80eec178a8ed4b9f2d2a271c",
            "content_sha256": "9e6bcd4d6dfbebfed623bd3c63a7e055aee2a5e9cbf7939dfab4cbe314c4fee6",
            "content_sha512": "24840732c7f1c3d0aa71d093360c86b55d24f5e1c84db1f693736af41cb478466f70f304c4f0a2dd8634bd35403a03e77c4cd0c05e05c5ed3038a8424a811475",
            "directory_permission": "0777",
            "file_permission": "0777",
            "filename": "/Users/vixing/Work/Study/terraform/learning/output/set_string_1",
            "id": "3e3105ed243a8b1f80eec178a8ed4b9f2d2a271c",
            "sensitive_content": null,
            "source": null
          },
          "sensitive_attributes": []
        },
        {
          "index_key": "set_string_2",
          "schema_version": 0,
          "attributes": {
            "content": "set_string_2",
            "content_base64": null,
            "content_base64sha256": "P+RcrVGuGXaiF1rHVA61QaILvk/O5Mbkc/iWc0xon1Q=",
            "content_base64sha512": "kKvtCbpNpRnkm1TY9OiM1vVGpb7IzdwwZfsZAiJwJebmY9lEaSBHVJkbieKf/quOVPqF4HtioVAZTuDp8tIcqA==",
            "content_md5": "50b54b6973e2720a87a7db0552a14cda",
            "content_sha1": "d23b7a9cc64d21646d9da47c47971c2156a85419",
            "content_sha256": "3fe45cad51ae1976a2175ac7540eb541a20bbe4fcee4c6e473f896734c689f54",
            "content_sha512": "90abed09ba4da519e49b54d8f4e88cd6f546a5bec8cddc3065fb1902227025e6e663d94469204754991b89e29ffeab8e54fa85e07b62a150194ee0e9f2d21ca8",
            "directory_permission": "0777",
            "file_permission": "0777",
            "filename": "/Users/vixing/Work/Study/terraform/learning/output/set_string_2",
            "id": "d23b7a9cc64d21646d9da47c47971c2156a85419",
            "sensitive_content": null,
            "source": null
          },
          "sensitive_attributes": []
        },
        {
          "index_key": "set_string_3",
          "schema_version": 0,
          "attributes": {
            "content": "set_string_3",
            "content_base64": null,
            "content_base64sha256": "dXzLo6j/es49FwJrxhI68hB0Rq1dz6EsCIYQowRhGIg=",
            "content_base64sha512": "U7tlaWDYu1GHx00OhNPkZlRJAwRla6sfDT1XS1xmGMCliA/2id5WqbWhyP0AV2x/zhBwZ1rFSbWIvMy3aVke1w==",
            "content_md5": "cda91170b333d9a03396a337f09ebc77",
            "content_sha1": "7d113af609037e5c72ae3697b1a18fbb2d962c6f",
            "content_sha256": "757ccba3a8ff7ace3d17026bc6123af2107446ad5dcfa12c088610a304611888",
            "content_sha512": "53bb656960d8bb5187c74d0e84d3e46654490304656bab1f0d3d574b5c6618c0a5880ff689de56a9b5a1c8fd00576c7fce1070675ac549b588bcccb769591ed7",
            "directory_permission": "0777",
            "file_permission": "0777",
            "filename": "/Users/vixing/Work/Study/terraform/learning/output/set_string_3",
            "id": "7d113af609037e5c72ae3697b1a18fbb2d962c6f",
            "sensitive_content": null,
            "source": null
          },
          "sensitive_attributes": []
        }
      ]
    },
    {
      "module": "module.module_1",
      "mode": "managed",
      "type": "local_file",
      "name": "from_string",
      "provider": "provider[\"registry.terraform.io/hashicorp/local\"]",
      "instances": [
        {
          "schema_version": 0,
          "attributes": {
            "content": "string_variable",
            "content_base64": null,
            "content_base64sha256": "hlmKvZZ5CzJ+0F7AUh8nPRcggHi6agDAzTo6gnEi+u8=",
            "content_base64sha512": "AsFaKBX/ZqiQMOR+SzQpxbjA4VlWT3ELgrOwDPeJNS4WCKMdHhgntNf0uFTpgI261eMZB7tHRsNVlTpklcjcpg==",
            "content_md5": "4eb59d33fc4b7208ebacf1f3280f9c59",
            "content_sha1": "9db75cb8831737cb3d263957c3dfbe342d002015",
            "content_sha256": "86598abd96790b327ed05ec0521f273d17208078ba6a00c0cd3a3a827122faef",
            "content_sha512": "02c15a2815ff66a89030e47e4b3429c5b8c0e159564f710b82b3b00cf789352e1608a31d1e1827b4d7f4b854e9808dbad5e31907bb4746c355953a6495c8dca6",
            "directory_permission": "0777",
            "file_permission": "0777",
            "filename": "/Users/vixing/Work/Study/terraform/learning/output/string_variable",
            "id": "9db75cb8831737cb3d263957c3dfbe342d002015",
            "sensitive_content": null,
            "source": null
          },
          "sensitive_attributes": []
        }
      ]
    },
    {
      "module": "module.module_1",
      "mode": "managed",
      "type": "local_file",
      "name": "output_test",
      "provider": "provider[\"registry.terraform.io/hashicorp/local\"]",
      "instances": [
        {
          "schema_version": 0,
          "attributes": {
            "content": "the content in output",
            "content_base64": null,
            "content_base64sha256": "SM4yXnYhHCrIkphLmw82myZfxeKUMIrH48+0NzNZhaE=",
            "content_base64sha512": "LEEThDVhUw5ilXoynDpSe94PedOL1+nQykPR4hsOa02/Fxf+ngDPULC/5N5F/opjw+PDXy+wsE9KIjIXJqgjzQ==",
            "content_md5": "51afa2e9f53b30aeede415d098032876",
            "content_sha1": "c0261cef1e52f84a88be65cfc6d79b13db2ea6ab",
            "content_sha256": "48ce325e76211c2ac892984b9b0f369b265fc5e294308ac7e3cfb437335985a1",
            "content_sha512": "2c4113843561530e62957a329c3a527bde0f79d38bd7e9d0ca43d1e21b0e6b4dbf1717fe9e00cf50b0bfe4de45fe8a63c3e3c35f2fb0b04f4a22321726a823cd",
            "directory_permission": "0777",
            "file_permission": "0777",
            "filename": "/Users/vixing/Work/Study/terraform/learning/output/output.txt",
            "id": "c0261cef1e52f84a88be65cfc6d79b13db2ea6ab",
            "sensitive_content": null,
            "source": null
          },
          "sensitive_attributes": []
        }
      ]
    },
    {
      "module": "module.module_2",
      "mode": "managed",
      "type": "local_file",
      "name": "content_from_output",
      "provider": "provider[\"registry.terraform.io/hashicorp/local\"]",
      "instances": [
        {
          "schema_version": 0,
          "attributes": {
            "content": "the content in output - module 2",
            "content_base64": null,
            "content_base64sha256": "Ht0BAZUMEgGyHNcZXk95K/NKaQkvmWdL+QaQc2FG+II=",
            "content_base64sha512": "10RT4bwNgREPaAHb7/oKFydECd8/fvX8RRcEBomfnqPhAWHqrId3Gz8vpXinyS18kc+4BD3dlgV3532JGizfQQ==",
            "content_md5": "996bd841a2c35af8ee5f06e8c443826e",
            "content_sha1": "b9e4a0cfad3e0d840d58c07e564a0be5a69c1105",
            "content_sha256": "1edd0101950c1201b21cd7195e4f792bf34a69092f99674bf90690736146f882",
            "content_sha512": "d74453e1bc0d81110f6801dbeffa0a17274409df3f7ef5fc45170406899f9ea3e10161eaac87771b3f2fa578a7c92d7c91cfb8043ddd960577e77d891a2cdf41",
            "directory_permission": "0777",
            "file_permission": "0777",
            "filename": "/Users/vixing/Work/Study/terraform/learning/output/output-copy.txt",
            "id": "b9e4a0cfad3e0d840d58c07e564a0be5a69c1105",
            "sensitive_content": null,
            "source": null
          },
          "sensitive_attributes": [],
          "dependencies": [
            "module.module_1.local_file.output_test"
          ]
        }
      ]
    }
  ],
  "check_results": null
}
